// !$*UTF8*$!
{
	archiveVersion = 1;
	classes = {
	};
	objectVersion = 51;
	objects = {

/* Begin PBXBuildFile section */
		0FFF99750300DB43A4A503D4 /* Pods_demo.framework in Frameworks */ = {isa = PBXBuildFile; fileRef = DD4CC2519C9BFB0128672582 /* Pods_demo.framework */; };
		3B11D5232665E630009517FC /* AppDelegate.swift in Sources */ = {isa = PBXBuildFile; fileRef = 3B11D5222665E630009517FC /* AppDelegate.swift */; };
		3B11D52A2665E630009517FC /* Main.storyboard in Resources */ = {isa = PBXBuildFile; fileRef = 3B11D5282665E630009517FC /* Main.storyboard */; };
		3B11D52C2665E633009517FC /* Assets.xcassets in Resources */ = {isa = PBXBuildFile; fileRef = 3B11D52B2665E633009517FC /* Assets.xcassets */; };
		3B11D52F2665E633009517FC /* LaunchScreen.storyboard in Resources */ = {isa = PBXBuildFile; fileRef = 3B11D52D2665E633009517FC /* LaunchScreen.storyboard */; };
		3B11D57B26663EF5009517FC /* CombinedChartViewController.swift in Sources */ = {isa = PBXBuildFile; fileRef = 3B11D57A26663EF5009517FC /* CombinedChartViewController.swift */; };
		3B11D57E26663F1E009517FC /* DemoBaseViewController.swift in Sources */ = {isa = PBXBuildFile; fileRef = 3B11D57D26663F1E009517FC /* DemoBaseViewController.swift */; };
		3B11D58126663F4C009517FC /* AxisValueFormatter.swift in Sources */ = {isa = PBXBuildFile; fileRef = 3B11D58026663F4C009517FC /* AxisValueFormatter.swift */; };
		3B568AD12681BD5F00E2B69D /* ChartSettingsView.swift in Sources */ = {isa = PBXBuildFile; fileRef = 3B568AD02681BD5F00E2B69D /* ChartSettingsView.swift */; };
		3B568AD42681BD7A00E2B69D /* ChartSettingsView.xib in Resources */ = {isa = PBXBuildFile; fileRef = 3B568AD32681BD7A00E2B69D /* ChartSettingsView.xib */; };
		3B568AE32681E7AE00E2B69D /* ChartSettings.swift in Sources */ = {isa = PBXBuildFile; fileRef = 3B568AE22681E7AE00E2B69D /* ChartSettings.swift */; };
		3B61861F2667339E00691E39 /* CombinedChartViewController.xib in Resources */ = {isa = PBXBuildFile; fileRef = 3B61861E2667339E00691E39 /* CombinedChartViewController.xib */; };
		3BC451D72685D2420007A606 /* ViewController.swift in Sources */ = {isa = PBXBuildFile; fileRef = 3B11D5262665E630009517FC /* ViewController.swift */; };
		D196AFBB2689C24B00639C9B /* depth.json in Resources */ = {isa = PBXBuildFile; fileRef = D196AFBA2689C24B00639C9B /* depth.json */; };
		D1B78E8F26AAC91F0016B35B /* MarkerView.swift in Sources */ = {isa = PBXBuildFile; fileRef = D1B78E8E26AAC91F0016B35B /* MarkerView.swift */; };
/* End PBXBuildFile section */

/* Begin PBXFileReference section */
		3B11D51F2665E630009517FC /* demo.app */ = {isa = PBXFileReference; explicitFileType = wrapper.application; includeInIndex = 0; path = demo.app; sourceTree = BUILT_PRODUCTS_DIR; };
		3B11D5222665E630009517FC /* AppDelegate.swift */ = {isa = PBXFileReference; lastKnownFileType = sourcecode.swift; path = AppDelegate.swift; sourceTree = "<group>"; };
		3B11D5262665E630009517FC /* ViewController.swift */ = {isa = PBXFileReference; lastKnownFileType = sourcecode.swift; path = ViewController.swift; sourceTree = "<group>"; };
		3B11D5292665E630009517FC /* Base */ = {isa = PBXFileReference; lastKnownFileType = file.storyboard; name = Base; path = Base.lproj/Main.storyboard; sourceTree = "<group>"; };
		3B11D52B2665E633009517FC /* Assets.xcassets */ = {isa = PBXFileReference; lastKnownFileType = folder.assetcatalog; path = Assets.xcassets; sourceTree = "<group>"; };
		3B11D52E2665E633009517FC /* Base */ = {isa = PBXFileReference; lastKnownFileType = file.storyboard; name = Base; path = Base.lproj/LaunchScreen.storyboard; sourceTree = "<group>"; };
		3B11D5302665E633009517FC /* Info.plist */ = {isa = PBXFileReference; lastKnownFileType = text.plist.xml; path = Info.plist; sourceTree = "<group>"; };
		3B11D57A26663EF5009517FC /* CombinedChartViewController.swift */ = {isa = PBXFileReference; fileEncoding = 4; lastKnownFileType = sourcecode.swift; path = CombinedChartViewController.swift; sourceTree = "<group>"; };
		3B11D57D26663F1E009517FC /* DemoBaseViewController.swift */ = {isa = PBXFileReference; fileEncoding = 4; lastKnownFileType = sourcecode.swift; path = DemoBaseViewController.swift; sourceTree = "<group>"; };
		3B11D58026663F4C009517FC /* AxisValueFormatter.swift */ = {isa = PBXFileReference; fileEncoding = 4; lastKnownFileType = sourcecode.swift; path = AxisValueFormatter.swift; sourceTree = "<group>"; };
		3B568AD02681BD5F00E2B69D /* ChartSettingsView.swift */ = {isa = PBXFileReference; lastKnownFileType = sourcecode.swift; path = ChartSettingsView.swift; sourceTree = "<group>"; };
		3B568AD32681BD7A00E2B69D /* ChartSettingsView.xib */ = {isa = PBXFileReference; lastKnownFileType = file.xib; path = ChartSettingsView.xib; sourceTree = "<group>"; };
		3B568AE22681E7AE00E2B69D /* ChartSettings.swift */ = {isa = PBXFileReference; lastKnownFileType = sourcecode.swift; path = ChartSettings.swift; sourceTree = "<group>"; };
		3B61861E2667339E00691E39 /* CombinedChartViewController.xib */ = {isa = PBXFileReference; fileEncoding = 4; lastKnownFileType = file.xib; path = CombinedChartViewController.xib; sourceTree = "<group>"; };
		941396932459EA8B2D4442C4 /* Pods-demo.release.xcconfig */ = {isa = PBXFileReference; includeInIndex = 1; lastKnownFileType = text.xcconfig; name = "Pods-demo.release.xcconfig"; path = "Target Support Files/Pods-demo/Pods-demo.release.xcconfig"; sourceTree = "<group>"; };
		C031B8CBFDDA8F4479B227BC /* Pods-demo.debug.xcconfig */ = {isa = PBXFileReference; includeInIndex = 1; lastKnownFileType = text.xcconfig; name = "Pods-demo.debug.xcconfig"; path = "Target Support Files/Pods-demo/Pods-demo.debug.xcconfig"; sourceTree = "<group>"; };
		D196AFBA2689C24B00639C9B /* depth.json */ = {isa = PBXFileReference; fileEncoding = 4; lastKnownFileType = text.json; path = depth.json; sourceTree = "<group>"; };
		D1B78E8E26AAC91F0016B35B /* MarkerView.swift */ = {isa = PBXFileReference; lastKnownFileType = sourcecode.swift; path = MarkerView.swift; sourceTree = "<group>"; };
		DD4CC2519C9BFB0128672582 /* Pods_demo.framework */ = {isa = PBXFileReference; explicitFileType = wrapper.framework; includeInIndex = 0; path = Pods_demo.framework; sourceTree = BUILT_PRODUCTS_DIR; };
/* End PBXFileReference section */

/* Begin PBXFrameworksBuildPhase section */
		3B11D51C2665E630009517FC /* Frameworks */ = {
			isa = PBXFrameworksBuildPhase;
			buildActionMask = 2147483647;
			files = (
				0FFF99750300DB43A4A503D4 /* Pods_demo.framework in Frameworks */,
			);
			runOnlyForDeploymentPostprocessing = 0;
		};
/* End PBXFrameworksBuildPhase section */

/* Begin PBXGroup section */
		3B11D5162665E630009517FC = {
			isa = PBXGroup;
			children = (
				3B11D5212665E630009517FC /* demo */,
				3B11D5202665E630009517FC /* Products */,
				D375DBA9A937A7B422E1B7EC /* Pods */,
				8713294F63E26943E9072A09 /* Frameworks */,
			);
			sourceTree = "<group>";
		};
		3B11D5202665E630009517FC /* Products */ = {
			isa = PBXGroup;
			children = (
				3B11D51F2665E630009517FC /* demo.app */,
			);
			name = Products;
			sourceTree = "<group>";
		};
		3B11D5212665E630009517FC /* demo */ = {
			isa = PBXGroup;
			children = (
				3B568AD62681BD8500E2B69D /* other */,
				3B11D5262665E630009517FC /* ViewController.swift */,
				3B568AE22681E7AE00E2B69D /* ChartSettings.swift */,
				3B568AD02681BD5F00E2B69D /* ChartSettingsView.swift */,
				3B568AD32681BD7A00E2B69D /* ChartSettingsView.xib */,
				D196AFBA2689C24B00639C9B /* depth.json */,
				D1B78E8E26AAC91F0016B35B /* MarkerView.swift */,
			);
			path = demo;
			sourceTree = "<group>";
		};
		3B568AD62681BD8500E2B69D /* other */ = {
			isa = PBXGroup;
			children = (
				3B11D5282665E630009517FC /* Main.storyboard */,
				3B11D52B2665E633009517FC /* Assets.xcassets */,
				3B11D52D2665E633009517FC /* LaunchScreen.storyboard */,
				3B11D5302665E633009517FC /* Info.plist */,
				3B11D5222665E630009517FC /* AppDelegate.swift */,
				3B11D57D26663F1E009517FC /* DemoBaseViewController.swift */,
				3B11D57A26663EF5009517FC /* CombinedChartViewController.swift */,
				3B61861E2667339E00691E39 /* CombinedChartViewController.xib */,
				3B11D58026663F4C009517FC /* AxisValueFormatter.swift */,
			);
			path = other;
			sourceTree = "<group>";
		};
		8713294F63E26943E9072A09 /* Frameworks */ = {
			isa = PBXGroup;
			children = (
				DD4CC2519C9BFB0128672582 /* Pods_demo.framework */,
			);
			name = Frameworks;
			sourceTree = "<group>";
		};
		D375DBA9A937A7B422E1B7EC /* Pods */ = {
			isa = PBXGroup;
			children = (
				C031B8CBFDDA8F4479B227BC /* Pods-demo.debug.xcconfig */,
				941396932459EA8B2D4442C4 /* Pods-demo.release.xcconfig */,
			);
			path = Pods;
			sourceTree = "<group>";
		};
/* End PBXGroup section */

/* Begin PBXNativeTarget section */
		3B11D51E2665E630009517FC /* demo */ = {
			isa = PBXNativeTarget;
			buildConfigurationList = 3B11D5332665E633009517FC /* Build configuration list for PBXNativeTarget "demo" */;
			buildPhases = (
				E905C737094D735EBA3273E6 /* [CP] Check Pods Manifest.lock */,
				3B11D51B2665E630009517FC /* Sources */,
				3B11D51C2665E630009517FC /* Frameworks */,
				3B11D51D2665E630009517FC /* Resources */,
				6D5E71D7813427290C18CA9D /* [CP] Embed Pods Frameworks */,
			);
			buildRules = (
			);
			dependencies = (
			);
			name = demo;
			productName = demo;
			productReference = 3B11D51F2665E630009517FC /* demo.app */;
			productType = "com.apple.product-type.application";
		};
/* End PBXNativeTarget section */

/* Begin PBXProject section */
		3B11D5172665E630009517FC /* Project object */ = {
			isa = PBXProject;
			attributes = {
				LastSwiftUpdateCheck = 1240;
				LastUpgradeCheck = 1240;
				TargetAttributes = {
					3B11D51E2665E630009517FC = {
						CreatedOnToolsVersion = 12.4;
					};
				};
			};
			buildConfigurationList = 3B11D51A2665E630009517FC /* Build configuration list for PBXProject "demo" */;
			compatibilityVersion = "Xcode 9.3";
			developmentRegion = en;
			hasScannedForEncodings = 0;
			knownRegions = (
				en,
				Base,
			);
			mainGroup = 3B11D5162665E630009517FC;
			productRefGroup = 3B11D5202665E630009517FC /* Products */;
			projectDirPath = "";
			projectRoot = "";
			targets = (
				3B11D51E2665E630009517FC /* demo */,
			);
		};
/* End PBXProject section */

/* Begin PBXResourcesBuildPhase section */
		3B11D51D2665E630009517FC /* Resources */ = {
			isa = PBXResourcesBuildPhase;
			buildActionMask = 2147483647;
			files = (
				3B11D52F2665E633009517FC /* LaunchScreen.storyboard in Resources */,
				D196AFBB2689C24B00639C9B /* depth.json in Resources */,
				3B11D52C2665E633009517FC /* Assets.xcassets in Resources */,
				3B61861F2667339E00691E39 /* CombinedChartViewController.xib in Resources */,
				3B11D52A2665E630009517FC /* Main.storyboard in Resources */,
				3B568AD42681BD7A00E2B69D /* ChartSettingsView.xib in Resources */,
			);
			runOnlyForDeploymentPostprocessing = 0;
		};
/* End PBXResourcesBuildPhase section */

/* Begin PBXShellScriptBuildPhase section */
		6D5E71D7813427290C18CA9D /* [CP] Embed Pods Frameworks */ = {
			isa = PBXShellScriptBuildPhase;
			buildActionMask = 2147483647;
			files = (
			);
			inputFileListPaths = (
				"${PODS_ROOT}/Target Support Files/Pods-demo/Pods-demo-frameworks-${CONFIGURATION}-input-files.xcfilelist",
			);
			name = "[CP] Embed Pods Frameworks";
			outputFileListPaths = (
				"${PODS_ROOT}/Target Support Files/Pods-demo/Pods-demo-frameworks-${CONFIGURATION}-output-files.xcfilelist",
			);
			runOnlyForDeploymentPostprocessing = 0;
			shellPath = /bin/sh;
			shellScript = "\"${PODS_ROOT}/Target Support Files/Pods-demo/Pods-demo-frameworks.sh\"\n";
			showEnvVarsInLog = 0;
		};
		E905C737094D735EBA3273E6 /* [CP] Check Pods Manifest.lock */ = {
			isa = PBXShellScriptBuildPhase;
			buildActionMask = 2147483647;
			files = (
			);
			inputFileListPaths = (
			);
			inputPaths = (
				"${PODS_PODFILE_DIR_PATH}/Podfile.lock",
				"${PODS_ROOT}/Manifest.lock",
			);
			name = "[CP] Check Pods Manifest.lock";
			outputFileListPaths = (
			);
			outputPaths = (
				"$(DERIVED_FILE_DIR)/Pods-demo-checkManifestLockResult.txt",
			);
			runOnlyForDeploymentPostprocessing = 0;
			shellPath = /bin/sh;
			shellScript = "diff \"${PODS_PODFILE_DIR_PATH}/Podfile.lock\" \"${PODS_ROOT}/Manifest.lock\" > /dev/null\nif [ $? != 0 ] ; then\n    # print error to STDERR\n    echo \"error: The sandbox is not in sync with the Podfile.lock. Run 'pod install' or update your CocoaPods installation.\" >&2\n    exit 1\nfi\n# This output is used by Xcode 'outputs' to avoid re-running this script phase.\necho \"SUCCESS\" > \"${SCRIPT_OUTPUT_FILE_0}\"\n";
			showEnvVarsInLog = 0;
		};
/* End PBXShellScriptBuildPhase section */

/* Begin PBXSourcesBuildPhase section */
		3B11D51B2665E630009517FC /* Sources */ = {
			isa = PBXSourcesBuildPhase;
			buildActionMask = 2147483647;
			files = (
				3B11D58126663F4C009517FC /* AxisValueFormatter.swift in Sources */,
				D1B78E8F26AAC91F0016B35B /* MarkerView.swift in Sources */,
				3B568AD12681BD5F00E2B69D /* ChartSettingsView.swift in Sources */,
				3B11D57B26663EF5009517FC /* CombinedChartViewController.swift in Sources */,
				3B568AE32681E7AE00E2B69D /* ChartSettings.swift in Sources */,
				3BC451D72685D2420007A606 /* ViewController.swift in Sources */,
				3B11D57E26663F1E009517FC /* DemoBaseViewController.swift in Sources */,
				3B11D5232665E630009517FC /* AppDelegate.swift in Sources */,
			);
			runOnlyForDeploymentPostprocessing = 0;
		};
/* End PBXSourcesBuildPhase section */

/* Begin PBXVariantGroup section */
		3B11D5282665E630009517FC /* Main.storyboard */ = {
			isa = PBXVariantGroup;
			children = (
				3B11D5292665E630009517FC /* Base */,
			);
			name = Main.storyboard;
			sourceTree = "<group>";
		};
		3B11D52D2665E633009517FC /* LaunchScreen.storyboard */ = {
			isa = PBXVariantGroup;
			children = (
				3B11D52E2665E633009517FC /* Base */,
			);
			name = LaunchScreen.storyboard;
			sourceTree = "<group>";
		};
/* End PBXVariantGroup section */

/* Begin XCBuildConfiguration section */
		3B11D5312665E633009517FC /* Debug */ = {
			isa = XCBuildConfiguration;
			buildSettings = {
				ALWAYS_SEARCH_USER_PATHS = NO;
				CLANG_ANALYZER_NONNULL = YES;
				CLANG_ANALYZER_NUMBER_OBJECT_CONVERSION = YES_AGGRESSIVE;
				CLANG_CXX_LANGUAGE_STANDARD = "gnu++14";
				CLANG_CXX_LIBRARY = "libc++";
				CLANG_ENABLE_MODULES = YES;
				CLANG_ENABLE_OBJC_ARC = YES;
				CLANG_ENABLE_OBJC_WEAK = YES;
				CLANG_WARN_BLOCK_CAPTURE_AUTORELEASING = YES;
				CLANG_WARN_BOOL_CONVERSION = YES;
				CLANG_WARN_COMMA = YES;
				CLANG_WARN_CONSTANT_CONVERSION = YES;
				CLANG_WARN_DEPRECATED_OBJC_IMPLEMENTATIONS = YES;
				CLANG_WARN_DIRECT_OBJC_ISA_USAGE = YES_ERROR;
				CLANG_WARN_DOCUMENTATION_COMMENTS = YES;
				CLANG_WARN_EMPTY_BODY = YES;
				CLANG_WARN_ENUM_CONVERSION = YES;
				CLANG_WARN_INFINITE_RECURSION = YES;
				CLANG_WARN_INT_CONVERSION = YES;
				CLANG_WARN_NON_LITERAL_NULL_CONVERSION = YES;
				CLANG_WARN_OBJC_IMPLICIT_RETAIN_SELF = YES;
				CLANG_WARN_OBJC_LITERAL_CONVERSION = YES;
				CLANG_WARN_OBJC_ROOT_CLASS = YES_ERROR;
				CLANG_WARN_QUOTED_INCLUDE_IN_FRAMEWORK_HEADER = YES;
				CLANG_WARN_RANGE_LOOP_ANALYSIS = YES;
				CLANG_WARN_STRICT_PROTOTYPES = YES;
				CLANG_WARN_SUSPICIOUS_MOVE = YES;
				CLANG_WARN_UNGUARDED_AVAILABILITY = YES_AGGRESSIVE;
				CLANG_WARN_UNREACHABLE_CODE = YES;
				CLANG_WARN__DUPLICATE_METHOD_MATCH = YES;
				COPY_PHASE_STRIP = NO;
				DEBUG_INFORMATION_FORMAT = dwarf;
				ENABLE_STRICT_OBJC_MSGSEND = YES;
				ENABLE_TESTABILITY = YES;
				GCC_C_LANGUAGE_STANDARD = gnu11;
				GCC_DYNAMIC_NO_PIC = NO;
				GCC_NO_COMMON_BLOCKS = YES;
				GCC_OPTIMIZATION_LEVEL = 0;
				GCC_PREPROCESSOR_DEFINITIONS = (
					"DEBUG=1",
					"$(inherited)",
				);
				GCC_WARN_64_TO_32_BIT_CONVERSION = YES;
				GCC_WARN_ABOUT_RETURN_TYPE = YES_ERROR;
				GCC_WARN_UNDECLARED_SELECTOR = YES;
				GCC_WARN_UNINITIALIZED_AUTOS = YES_AGGRESSIVE;
				GCC_WARN_UNUSED_FUNCTION = YES;
				GCC_WARN_UNUSED_VARIABLE = YES;
				IPHONEOS_DEPLOYMENT_TARGET = 14.4;
				MTL_ENABLE_DEBUG_INFO = INCLUDE_SOURCE;
				MTL_FAST_MATH = YES;
				ONLY_ACTIVE_ARCH = YES;
				SDKROOT = iphoneos;
				SWIFT_ACTIVE_COMPILATION_CONDITIONS = DEBUG;
				SWIFT_OPTIMIZATION_LEVEL = "-Onone";
			};
			name = Debug;
		};
		3B11D5322665E633009517FC /* Release */ = {
			isa = XCBuildConfiguration;
			buildSettings = {
				ALWAYS_SEARCH_USER_PATHS = NO;
				CLANG_ANALYZER_NONNULL = YES;
				CLANG_ANALYZER_NUMBER_OBJECT_CONVERSION = YES_AGGRESSIVE;
				CLANG_CXX_LANGUAGE_STANDARD = "gnu++14";
				CLANG_CXX_LIBRARY = "libc++";
				CLANG_ENABLE_MODULES = YES;
				CLANG_ENABLE_OBJC_ARC = YES;
				CLANG_ENABLE_OBJC_WEAK = YES;
				CLANG_WARN_BLOCK_CAPTURE_AUTORELEASING = YES;
				CLANG_WARN_BOOL_CONVERSION = YES;
				CLANG_WARN_COMMA = YES;
				CLANG_WARN_CONSTANT_CONVERSION = YES;
				CLANG_WARN_DEPRECATED_OBJC_IMPLEMENTATIONS = YES;
				CLANG_WARN_DIRECT_OBJC_ISA_USAGE = YES_ERROR;
				CLANG_WARN_DOCUMENTATION_COMMENTS = YES;
				CLANG_WARN_EMPTY_BODY = YES;
				CLANG_WARN_ENUM_CONVERSION = YES;
				CLANG_WARN_INFINITE_RECURSION = YES;
				CLANG_WARN_INT_CONVERSION = YES;
				CLANG_WARN_NON_LITERAL_NULL_CONVERSION = YES;
				CLANG_WARN_OBJC_IMPLICIT_RETAIN_SELF = YES;
				CLANG_WARN_OBJC_LITERAL_CONVERSION = YES;
				CLANG_WARN_OBJC_ROOT_CLASS = YES_ERROR;
				CLANG_WARN_QUOTED_INCLUDE_IN_FRAMEWORK_HEADER = YES;
				CLANG_WARN_RANGE_LOOP_ANALYSIS = YES;
				CLANG_WARN_STRICT_PROTOTYPES = YES;
				CLANG_WARN_SUSPICIOUS_MOVE = YES;
				CLANG_WARN_UNGUARDED_AVAILABILITY = YES_AGGRESSIVE;
				CLANG_WARN_UNREACHABLE_CODE = YES;
				CLANG_WARN__DUPLICATE_METHOD_MATCH = YES;
				COPY_PHASE_STRIP = NO;
				DEBUG_INFORMATION_FORMAT = "dwarf-with-dsym";
				ENABLE_NS_ASSERTIONS = NO;
				ENABLE_STRICT_OBJC_MSGSEND = YES;
				GCC_C_LANGUAGE_STANDARD = gnu11;
				GCC_NO_COMMON_BLOCKS = YES;
				GCC_WARN_64_TO_32_BIT_CONVERSION = YES;
				GCC_WARN_ABOUT_RETURN_TYPE = YES_ERROR;
				GCC_WARN_UNDECLARED_SELECTOR = YES;
				GCC_WARN_UNINITIALIZED_AUTOS = YES_AGGRESSIVE;
				GCC_WARN_UNUSED_FUNCTION = YES;
				GCC_WARN_UNUSED_VARIABLE = YES;
				IPHONEOS_DEPLOYMENT_TARGET = 14.4;
				MTL_ENABLE_DEBUG_INFO = NO;
				MTL_FAST_MATH = YES;
				SDKROOT = iphoneos;
				SWIFT_COMPILATION_MODE = wholemodule;
				SWIFT_OPTIMIZATION_LEVEL = "-O";
				VALIDATE_PRODUCT = YES;
			};
			name = Release;
		};
		3B11D5342665E633009517FC /* Debug */ = {
			isa = XCBuildConfiguration;
			baseConfigurationReference = C031B8CBFDDA8F4479B227BC /* Pods-demo.debug.xcconfig */;
			buildSettings = {
				ASSETCATALOG_COMPILER_APPICON_NAME = AppIcon;
				ASSETCATALOG_COMPILER_GLOBAL_ACCENT_COLOR_NAME = AccentColor;
				CODE_SIGN_STYLE = Automatic;
				DEVELOPMENT_TEAM = 2GP9NQW3T9;
				INFOPLIST_FILE = demo/other/Info.plist;
				IPHONEOS_DEPLOYMENT_TARGET = 9.0;
				LD_RUNPATH_SEARCH_PATHS = (
					"$(inherited)",
					"@executable_path/Frameworks",
				);
				PRODUCT_BUNDLE_IDENTIFIER = pika.demo;
				PRODUCT_NAME = "$(TARGET_NAME)";
				SWIFT_VERSION = 5.0;
				TARGETED_DEVICE_FAMILY = "1,2";
			};
			name = Debug;
		};
		3B11D5352665E633009517FC /* Release */ = {
			isa = XCBuildConfiguration;
			baseConfigurationReference = 941396932459EA8B2D4442C4 /* Pods-demo.release.xcconfig */;
			buildSettings = {
				ASSETCATALOG_COMPILER_APPICON_NAME = AppIcon;
				ASSETCATALOG_COMPILER_GLOBAL_ACCENT_COLOR_NAME = AccentColor;
				CODE_SIGN_STYLE = Automatic;
				DEVELOPMENT_TEAM = 2GP9NQW3T9;
				INFOPLIST_FILE = demo/other/Info.plist;
				IPHONEOS_DEPLOYMENT_TARGET = 9.0;
				LD_RUNPATH_SEARCH_PATHS = (
					"$(inherited)",
					"@executable_path/Frameworks",
				);
				PRODUCT_BUNDLE_IDENTIFIER = pika.demo;
				PRODUCT_NAME = "$(TARGET_NAME)";
				SWIFT_VERSION = 5.0;
				TARGETED_DEVICE_FAMILY = "1,2";
			};
			name = Release;
		};
/* End XCBuildConfiguration section */

/* Begin XCConfigurationList section */
		3B11D51A2665E630009517FC /* Build configuration list for PBXProject "demo" */ = {
			isa = XCConfigurationList;
			buildConfigurations = (
				3B11D5312665E633009517FC /* Debug */,
				3B11D5322665E633009517FC /* Release */,
			);
			defaultConfigurationIsVisible = 0;
			defaultConfigurationName = Release;
		};
		3B11D5332665E633009517FC /* Build configuration list for PBXNativeTarget "demo" */ = {
			isa = XCConfigurationList;
			buildConfigurations = (
				3B11D5342665E633009517FC /* Debug */,
				3B11D5352665E633009517FC /* Release */,
			);
			defaultConfigurationIsVisible = 0;
			defaultConfigurationName = Release;
		};
/* End XCConfigurationList section */
	};
	rootObject = 3B11D5172665E630009517FC /* Project object */;
}
